
Microsoft Visual Studio Solution File, Format Version 12.00
# Visual Studio 2013
VisualStudioVersion = 12.0.30501.0
MinimumVisualStudioVersion = 10.0.40219.1
Project("{FAE04EC0-301F-11D3-BF4B-00C04F79EFBC}") = "Mobile.Forms", "Mobile\Mobile.Forms\Mobile.Forms.csproj", "{174D0331-8564-417B-8450-295E0EAF5860}"
EndProject
Project("{FAE04EC0-301F-11D3-BF4B-00C04F79EFBC}") = "Mobile.Forms.Android", "Mobile\Mobile.Forms.Android\Mobile.Forms.Android.csproj", "{152A8B54-90FD-4928-8153-8601B20AF0FB}"
EndProject
Project("{FAE04EC0-301F-11D3-BF4B-00C04F79EFBC}") = "Mobile.Forms.WinPhone", "Mobile\Mobile.Forms.WinPhone\Mobile.Forms.WinPhone.csproj", "{C50E93ED-1078-4BA8-B95D-7AFD0CCEA174}"
EndProject
Project("{FAE04EC0-301F-11D3-BF4B-00C04F79EFBC}") = "Mobile.Forms.Tests", "Mobile\Mobile.Forms.Tests\Mobile.Forms.Tests.csproj", "{2A42D28D-B12F-4E7A-8C1C-971C3E7755EA}"
EndProject
Global
	GlobalSection(SolutionConfigurationPlatforms) = preSolution
		Ad-Hoc|Any CPU = Ad-Hoc|Any CPU
		Ad-Hoc|ARM = Ad-Hoc|ARM
		Ad-Hoc|iPhone = Ad-Hoc|iPhone
		Ad-Hoc|iPhoneSimulator = Ad-Hoc|iPhoneSimulator
		Ad-Hoc|Mixed Platforms = Ad-Hoc|Mixed Platforms
		Ad-Hoc|x86 = Ad-Hoc|x86
		AppStore|Any CPU = AppStore|Any CPU
		AppStore|ARM = AppStore|ARM
		AppStore|iPhone = AppStore|iPhone
		AppStore|iPhoneSimulator = AppStore|iPhoneSimulator
		AppStore|Mixed Platforms = AppStore|Mixed Platforms
		AppStore|x86 = AppStore|x86
		Debug|Any CPU = Debug|Any CPU
		Debug|ARM = Debug|ARM
		Debug|iPhone = Debug|iPhone
		Debug|iPhoneSimulator = Debug|iPhoneSimulator
		Debug|Mixed Platforms = Debug|Mixed Platforms
		Debug|x86 = Debug|x86
		Release|Any CPU = Release|Any CPU
		Release|ARM = Release|ARM
		Release|iPhone = Release|iPhone
		Release|iPhoneSimulator = Release|iPhoneSimulator
		Release|Mixed Platforms = Release|Mixed Platforms
		Release|x86 = Release|x86
	EndGlobalSection
	GlobalSection(ProjectConfigurationPlatforms) = postSolution
		{174D0331-8564-417B-8450-295E0EAF5860}.Ad-Hoc|Any CPU.ActiveCfg = Release|Any CPU
		{174D0331-8564-417B-8450-295E0EAF5860}.Ad-Hoc|Any CPU.Build.0 = Release|Any CPU
		{174D0331-8564-417B-8450-295E0EAF5860}.Ad-Hoc|ARM.ActiveCfg = Release|Any CPU
		{174D0331-8564-417B-8450-295E0EAF5860}.Ad-Hoc|iPhone.ActiveCfg = Release|Any CPU
		{174D0331-8564-417B-8450-295E0EAF5860}.Ad-Hoc|iPhoneSimulator.ActiveCfg = Release|Any CPU
		{174D0331-8564-417B-8450-295E0EAF5860}.Ad-Hoc|Mixed Platforms.ActiveCfg = Release|Any CPU
		{174D0331-8564-417B-8450-295E0EAF5860}.Ad-Hoc|Mixed Platforms.Build.0 = Release|Any CPU
		{174D0331-8564-417B-8450-295E0EAF5860}.Ad-Hoc|x86.ActiveCfg = Release|Any CPU
		{174D0331-8564-417B-8450-295E0EAF5860}.AppStore|Any CPU.ActiveCfg = Release|Any CPU
		{174D0331-8564-417B-8450-295E0EAF5860}.AppStore|Any CPU.Build.0 = Release|Any CPU
		{174D0331-8564-417B-8450-295E0EAF5860}.AppStore|ARM.ActiveCfg = Release|Any CPU
		{174D0331-8564-417B-8450-295E0EAF5860}.AppStore|iPhone.ActiveCfg = Release|Any CPU
		{174D0331-8564-417B-8450-295E0EAF5860}.AppStore|iPhoneSimulator.ActiveCfg = Release|Any CPU
		{174D0331-8564-417B-8450-295E0EAF5860}.AppStore|Mixed Platforms.ActiveCfg = Release|Any CPU
		{174D0331-8564-417B-8450-295E0EAF5860}.AppStore|Mixed Platforms.Build.0 = Release|Any CPU
		{174D0331-8564-417B-8450-295E0EAF5860}.AppStore|x86.ActiveCfg = Release|Any CPU
		{174D0331-8564-417B-8450-295E0EAF5860}.Debug|Any CPU.ActiveCfg = Debug|Any CPU
		{174D0331-8564-417B-8450-295E0EAF5860}.Debug|Any CPU.Build.0 = Debug|Any CPU
		{174D0331-8564-417B-8450-295E0EAF5860}.Debug|ARM.ActiveCfg = Debug|Any CPU
		{174D0331-8564-417B-8450-295E0EAF5860}.Debug|iPhone.ActiveCfg = Debug|Any CPU
		{174D0331-8564-417B-8450-295E0EAF5860}.Debug|iPhoneSimulator.ActiveCfg = Debug|Any CPU
		{174D0331-8564-417B-8450-295E0EAF5860}.Debug|Mixed Platforms.ActiveCfg = Debug|Any CPU
		{174D0331-8564-417B-8450-295E0EAF5860}.Debug|Mixed Platforms.Build.0 = Debug|Any CPU
		{174D0331-8564-417B-8450-295E0EAF5860}.Debug|x86.ActiveCfg = Debug|Any CPU
		{174D0331-8564-417B-8450-295E0EAF5860}.Release|Any CPU.ActiveCfg = Release|Any CPU
		{174D0331-8564-417B-8450-295E0EAF5860}.Release|Any CPU.Build.0 = Release|Any CPU
		{174D0331-8564-417B-8450-295E0EAF5860}.Release|ARM.ActiveCfg = Release|Any CPU
		{174D0331-8564-417B-8450-295E0EAF5860}.Release|iPhone.ActiveCfg = Release|Any CPU
		{174D0331-8564-417B-8450-295E0EAF5860}.Release|iPhoneSimulator.ActiveCfg = Release|Any CPU
		{174D0331-8564-417B-8450-295E0EAF5860}.Release|Mixed Platforms.ActiveCfg = Release|Any CPU
		{174D0331-8564-417B-8450-295E0EAF5860}.Release|Mixed Platforms.Build.0 = Release|Any CPU
		{174D0331-8564-417B-8450-295E0EAF5860}.Release|x86.ActiveCfg = Release|Any CPU
		{152A8B54-90FD-4928-8153-8601B20AF0FB}.Ad-Hoc|Any CPU.ActiveCfg = Release|Any CPU
		{152A8B54-90FD-4928-8153-8601B20AF0FB}.Ad-Hoc|Any CPU.Build.0 = Release|Any CPU
		{152A8B54-90FD-4928-8153-8601B20AF0FB}.Ad-Hoc|Any CPU.Deploy.0 = Release|Any CPU
		{152A8B54-90FD-4928-8153-8601B20AF0FB}.Ad-Hoc|ARM.ActiveCfg = Release|Any CPU
		{152A8B54-90FD-4928-8153-8601B20AF0FB}.Ad-Hoc|iPhone.ActiveCfg = Release|Any CPU
		{152A8B54-90FD-4928-8153-8601B20AF0FB}.Ad-Hoc|iPhoneSimulator.ActiveCfg = Release|Any CPU
		{152A8B54-90FD-4928-8153-8601B20AF0FB}.Ad-Hoc|Mixed Platforms.ActiveCfg = Release|Any CPU
		{152A8B54-90FD-4928-8153-8601B20AF0FB}.Ad-Hoc|Mixed Platforms.Build.0 = Release|Any CPU
		{152A8B54-90FD-4928-8153-8601B20AF0FB}.Ad-Hoc|Mixed Platforms.Deploy.0 = Release|Any CPU
		{152A8B54-90FD-4928-8153-8601B20AF0FB}.Ad-Hoc|x86.ActiveCfg = Release|Any CPU
		{152A8B54-90FD-4928-8153-8601B20AF0FB}.AppStore|Any CPU.ActiveCfg = Release|Any CPU
		{152A8B54-90FD-4928-8153-8601B20AF0FB}.AppStore|Any CPU.Build.0 = Release|Any CPU
		{152A8B54-90FD-4928-8153-8601B20AF0FB}.AppStore|Any CPU.Deploy.0 = Release|Any CPU
		{152A8B54-90FD-4928-8153-8601B20AF0FB}.AppStore|ARM.ActiveCfg = Release|Any CPU
		{152A8B54-90FD-4928-8153-8601B20AF0FB}.AppStore|iPhone.ActiveCfg = Release|Any CPU
		{152A8B54-90FD-4928-8153-8601B20AF0FB}.AppStore|iPhoneSimulator.ActiveCfg = Release|Any CPU
		{152A8B54-90FD-4928-8153-8601B20AF0FB}.AppStore|Mixed Platforms.ActiveCfg = Release|Any CPU
		{152A8B54-90FD-4928-8153-8601B20AF0FB}.AppStore|Mixed Platforms.Build.0 = Release|Any CPU
		{152A8B54-90FD-4928-8153-8601B20AF0FB}.AppStore|Mixed Platforms.Deploy.0 = Release|Any CPU
		{152A8B54-90FD-4928-8153-8601B20AF0FB}.AppStore|x86.ActiveCfg = Release|Any CPU
		{152A8B54-90FD-4928-8153-8601B20AF0FB}.Debug|Any CPU.ActiveCfg = Debug|Any CPU
		{152A8B54-90FD-4928-8153-8601B20AF0FB}.Debug|Any CPU.Build.0 = Debug|Any CPU
		{152A8B54-90FD-4928-8153-8601B20AF0FB}.Debug|Any CPU.Deploy.0 = Debug|Any CPU
		{152A8B54-90FD-4928-8153-8601B20AF0FB}.Debug|ARM.ActiveCfg = Debug|Any CPU
		{152A8B54-90FD-4928-8153-8601B20AF0FB}.Debug|iPhone.ActiveCfg = Debug|Any CPU
		{152A8B54-90FD-4928-8153-8601B20AF0FB}.Debug|iPhoneSimulator.ActiveCfg = Debug|Any CPU
		{152A8B54-90FD-4928-8153-8601B20AF0FB}.Debug|Mixed Platforms.ActiveCfg = Debug|Any CPU
		{152A8B54-90FD-4928-8153-8601B20AF0FB}.Debug|Mixed Platforms.Build.0 = Debug|Any CPU
		{152A8B54-90FD-4928-8153-8601B20AF0FB}.Debug|Mixed Platforms.Deploy.0 = Debug|Any CPU
		{152A8B54-90FD-4928-8153-8601B20AF0FB}.Debug|x86.ActiveCfg = Debug|Any CPU
		{152A8B54-90FD-4928-8153-8601B20AF0FB}.Release|Any CPU.ActiveCfg = Release|Any CPU
		{152A8B54-90FD-4928-8153-8601B20AF0FB}.Release|Any CPU.Build.0 = Release|Any CPU
		{152A8B54-90FD-4928-8153-8601B20AF0FB}.Release|Any CPU.Deploy.0 = Release|Any CPU
		{152A8B54-90FD-4928-8153-8601B20AF0FB}.Release|ARM.ActiveCfg = Release|Any CPU
		{152A8B54-90FD-4928-8153-8601B20AF0FB}.Release|iPhone.ActiveCfg = Release|Any CPU
		{152A8B54-90FD-4928-8153-8601B20AF0FB}.Release|iPhoneSimulator.ActiveCfg = Release|Any CPU
		{152A8B54-90FD-4928-8153-8601B20AF0FB}.Release|Mixed Platforms.ActiveCfg = Release|Any CPU
		{152A8B54-90FD-4928-8153-8601B20AF0FB}.Release|Mixed Platforms.Build.0 = Release|Any CPU
		{152A8B54-90FD-4928-8153-8601B20AF0FB}.Release|Mixed Platforms.Deploy.0 = Release|Any CPU
		{152A8B54-90FD-4928-8153-8601B20AF0FB}.Release|x86.ActiveCfg = Release|Any CPU
		{C50E93ED-1078-4BA8-B95D-7AFD0CCEA174}.Ad-Hoc|Any CPU.ActiveCfg = Release|Any CPU
		{C50E93ED-1078-4BA8-B95D-7AFD0CCEA174}.Ad-Hoc|Any CPU.Build.0 = Release|Any CPU
		{C50E93ED-1078-4BA8-B95D-7AFD0CCEA174}.Ad-Hoc|Any CPU.Deploy.0 = Release|Any CPU
		{C50E93ED-1078-4BA8-B95D-7AFD0CCEA174}.Ad-Hoc|ARM.ActiveCfg = Release|ARM
		{C50E93ED-1078-4BA8-B95D-7AFD0CCEA174}.Ad-Hoc|ARM.Build.0 = Release|ARM
		{C50E93ED-1078-4BA8-B95D-7AFD0CCEA174}.Ad-Hoc|ARM.Deploy.0 = Release|ARM
		{C50E93ED-1078-4BA8-B95D-7AFD0CCEA174}.Ad-Hoc|iPhone.ActiveCfg = Release|Any CPU
		{C50E93ED-1078-4BA8-B95D-7AFD0CCEA174}.Ad-Hoc|iPhoneSimulator.ActiveCfg = Release|Any CPU
		{C50E93ED-1078-4BA8-B95D-7AFD0CCEA174}.Ad-Hoc|Mixed Platforms.ActiveCfg = Release|x86
		{C50E93ED-1078-4BA8-B95D-7AFD0CCEA174}.Ad-Hoc|Mixed Platforms.Build.0 = Release|x86
		{C50E93ED-1078-4BA8-B95D-7AFD0CCEA174}.Ad-Hoc|Mixed Platforms.Deploy.0 = Release|x86
		{C50E93ED-1078-4BA8-B95D-7AFD0CCEA174}.Ad-Hoc|x86.ActiveCfg = Release|x86
		{C50E93ED-1078-4BA8-B95D-7AFD0CCEA174}.Ad-Hoc|x86.Build.0 = Release|x86
		{C50E93ED-1078-4BA8-B95D-7AFD0CCEA174}.Ad-Hoc|x86.Deploy.0 = Release|x86
		{C50E93ED-1078-4BA8-B95D-7AFD0CCEA174}.AppStore|Any CPU.ActiveCfg = Release|Any CPU
		{C50E93ED-1078-4BA8-B95D-7AFD0CCEA174}.AppStore|Any CPU.Build.0 = Release|Any CPU
		{C50E93ED-1078-4BA8-B95D-7AFD0CCEA174}.AppStore|Any CPU.Deploy.0 = Release|Any CPU
		{C50E93ED-1078-4BA8-B95D-7AFD0CCEA174}.AppStore|ARM.ActiveCfg = Release|ARM
		{C50E93ED-1078-4BA8-B95D-7AFD0CCEA174}.AppStore|ARM.Build.0 = Release|ARM
		{C50E93ED-1078-4BA8-B95D-7AFD0CCEA174}.AppStore|ARM.Deploy.0 = Release|ARM
		{C50E93ED-1078-4BA8-B95D-7AFD0CCEA174}.AppStore|iPhone.ActiveCfg = Release|Any CPU
		{C50E93ED-1078-4BA8-B95D-7AFD0CCEA174}.AppStore|iPhoneSimulator.ActiveCfg = Release|Any CPU
		{C50E93ED-1078-4BA8-B95D-7AFD0CCEA174}.AppStore|Mixed Platforms.ActiveCfg = Release|x86
		{C50E93ED-1078-4BA8-B95D-7AFD0CCEA174}.AppStore|Mixed Platforms.Build.0 = Release|x86
		{C50E93ED-1078-4BA8-B95D-7AFD0CCEA174}.AppStore|Mixed Platforms.Deploy.0 = Release|x86
		{C50E93ED-1078-4BA8-B95D-7AFD0CCEA174}.AppStore|x86.ActiveCfg = Release|x86
		{C50E93ED-1078-4BA8-B95D-7AFD0CCEA174}.AppStore|x86.Build.0 = Release|x86
		{C50E93ED-1078-4BA8-B95D-7AFD0CCEA174}.AppStore|x86.Deploy.0 = Release|x86
		{C50E93ED-1078-4BA8-B95D-7AFD0CCEA174}.Debug|Any CPU.ActiveCfg = Debug|Any CPU
		{C50E93ED-1078-4BA8-B95D-7AFD0CCEA174}.Debug|ARM.ActiveCfg = Debug|ARM
		{C50E93ED-1078-4BA8-B95D-7AFD0CCEA174}.Debug|ARM.Build.0 = Debug|ARM
		{C50E93ED-1078-4BA8-B95D-7AFD0CCEA174}.Debug|ARM.Deploy.0 = Debug|ARM
		{C50E93ED-1078-4BA8-B95D-7AFD0CCEA174}.Debug|iPhone.ActiveCfg = Debug|Any CPU
		{C50E93ED-1078-4BA8-B95D-7AFD0CCEA174}.Debug|iPhoneSimulator.ActiveCfg = Debug|Any CPU
		{C50E93ED-1078-4BA8-B95D-7AFD0CCEA174}.Debug|Mixed Platforms.ActiveCfg = Debug|x86
		{C50E93ED-1078-4BA8-B95D-7AFD0CCEA174}.Debug|Mixed Platforms.Build.0 = Debug|x86
		{C50E93ED-1078-4BA8-B95D-7AFD0CCEA174}.Debug|Mixed Platforms.Deploy.0 = Debug|x86
		{C50E93ED-1078-4BA8-B95D-7AFD0CCEA174}.Debug|x86.ActiveCfg = Debug|x86
		{C50E93ED-1078-4BA8-B95D-7AFD0CCEA174}.Debug|x86.Build.0 = Debug|x86
		{C50E93ED-1078-4BA8-B95D-7AFD0CCEA174}.Debug|x86.Deploy.0 = Debug|x86
		{C50E93ED-1078-4BA8-B95D-7AFD0CCEA174}.Release|Any CPU.ActiveCfg = Release|Any CPU
		{C50E93ED-1078-4BA8-B95D-7AFD0CCEA174}.Release|ARM.ActiveCfg = Release|ARM
		{C50E93ED-1078-4BA8-B95D-7AFD0CCEA174}.Release|ARM.Build.0 = Release|ARM
		{C50E93ED-1078-4BA8-B95D-7AFD0CCEA174}.Release|ARM.Deploy.0 = Release|ARM
		{C50E93ED-1078-4BA8-B95D-7AFD0CCEA174}.Release|iPhone.ActiveCfg = Release|Any CPU
		{C50E93ED-1078-4BA8-B95D-7AFD0CCEA174}.Release|iPhoneSimulator.ActiveCfg = Release|Any CPU
		{C50E93ED-1078-4BA8-B95D-7AFD0CCEA174}.Release|Mixed Platforms.ActiveCfg = Release|x86
		{C50E93ED-1078-4BA8-B95D-7AFD0CCEA174}.Release|Mixed Platforms.Build.0 = Release|x86
		{C50E93ED-1078-4BA8-B95D-7AFD0CCEA174}.Release|Mixed Platforms.Deploy.0 = Release|x86
		{C50E93ED-1078-4BA8-B95D-7AFD0CCEA174}.Release|x86.ActiveCfg = Release|x86
		{C50E93ED-1078-4BA8-B95D-7AFD0CCEA174}.Release|x86.Build.0 = Release|x86
		{C50E93ED-1078-4BA8-B95D-7AFD0CCEA174}.Release|x86.Deploy.0 = Release|x86
		{2A42D28D-B12F-4E7A-8C1C-971C3E7755EA}.Ad-Hoc|Any CPU.ActiveCfg = Release|Any CPU
		{2A42D28D-B12F-4E7A-8C1C-971C3E7755EA}.Ad-Hoc|Any CPU.Build.0 = Release|Any CPU
		{2A42D28D-B12F-4E7A-8C1C-971C3E7755EA}.Ad-Hoc|ARM.ActiveCfg = Release|Any CPU
		{2A42D28D-B12F-4E7A-8C1C-971C3E7755EA}.Ad-Hoc|iPhone.ActiveCfg = Release|Any CPU
		{2A42D28D-B12F-4E7A-8C1C-971C3E7755EA}.Ad-Hoc|iPhoneSimulator.ActiveCfg = Release|Any CPU
		{2A42D28D-B12F-4E7A-8C1C-971C3E7755EA}.Ad-Hoc|Mixed Platforms.ActiveCfg = Release|Any CPU
		{2A42D28D-B12F-4E7A-8C1C-971C3E7755EA}.Ad-Hoc|Mixed Platforms.Build.0 = Release|Any CPU
		{2A42D28D-B12F-4E7A-8C1C-971C3E7755EA}.Ad-Hoc|x86.ActiveCfg = Release|Any CPU
		{2A42D28D-B12F-4E7A-8C1C-971C3E7755EA}.AppStore|Any CPU.ActiveCfg = Release|Any CPU
		{2A42D28D-B12F-4E7A-8C1C-971C3E7755EA}.AppStore|Any CPU.Build.0 = Release|Any CPU
		{2A42D28D-B12F-4E7A-8C1C-971C3E7755EA}.AppStore|ARM.ActiveCfg = Release|Any CPU
		{2A42D28D-B12F-4E7A-8C1C-971C3E7755EA}.AppStore|iPhone.ActiveCfg = Release|Any CPU
		{2A42D28D-B12F-4E7A-8C1C-971C3E7755EA}.AppStore|iPhoneSimulator.ActiveCfg = Release|Any CPU
		{2A42D28D-B12F-4E7A-8C1C-971C3E7755EA}.AppStore|Mixed Platforms.ActiveCfg = Release|Any CPU
		{2A42D28D-B12F-4E7A-8C1C-971C3E7755EA}.AppStore|Mixed Platforms.Build.0 = Release|Any CPU
		{2A42D28D-B12F-4E7A-8C1C-971C3E7755EA}.AppStore|x86.ActiveCfg = Release|Any CPU
		{2A42D28D-B12F-4E7A-8C1C-971C3E7755EA}.Debug|Any CPU.ActiveCfg = Debug|Any CPU
		{2A42D28D-B12F-4E7A-8C1C-971C3E7755EA}.Debug|Any CPU.Build.0 = Debug|Any CPU
		{2A42D28D-B12F-4E7A-8C1C-971C3E7755EA}.Debug|ARM.ActiveCfg = Debug|Any CPU
		{2A42D28D-B12F-4E7A-8C1C-971C3E7755EA}.Debug|iPhone.ActiveCfg = Debug|Any CPU
		{2A42D28D-B12F-4E7A-8C1C-971C3E7755EA}.Debug|iPhoneSimulator.ActiveCfg = Debug|Any CPU
		{2A42D28D-B12F-4E7A-8C1C-971C3E7755EA}.Debug|Mixed Platforms.ActiveCfg = Debug|Any CPU
		{2A42D28D-B12F-4E7A-8C1C-971C3E7755EA}.Debug|Mixed Platforms.Build.0 = Debug|Any CPU
		{2A42D28D-B12F-4E7A-8C1C-971C3E7755EA}.Debug|x86.ActiveCfg = Debug|Any CPU
		{2A42D28D-B12F-4E7A-8C1C-971C3E7755EA}.Release|Any CPU.ActiveCfg = Release|Any CPU
		{2A42D28D-B12F-4E7A-8C1C-971C3E7755EA}.Release|Any CPU.Build.0 = Release|Any CPU
		{2A42D28D-B12F-4E7A-8C1C-971C3E7755EA}.Release|ARM.ActiveCfg = Release|Any CPU
		{2A42D28D-B12F-4E7A-8C1C-971C3E7755EA}.Release|iPhone.ActiveCfg = Release|Any CPU
		{2A42D28D-B12F-4E7A-8C1C-971C3E7755EA}.Release|iPhoneSimulator.ActiveCfg = Release|Any CPU
		{2A42D28D-B12F-4E7A-8C1C-971C3E7755EA}.Release|Mixed Platforms.ActiveCfg = Release|Any CPU
		{2A42D28D-B12F-4E7A-8C1C-971C3E7755EA}.Release|Mixed Platforms.Build.0 = Release|Any CPU
		{2A42D28D-B12F-4E7A-8C1C-971C3E7755EA}.Release|x86.ActiveCfg = Release|Any CPU
	EndGlobalSection
	GlobalSection(SolutionProperties) = preSolution
		HideSolutionNode = FALSE
	EndGlobalSection
EndGlobal
